
Microsoft Visual Studio Solution File, Format Version 12.00
# Visual Studio Version 17
VisualStudioVersion = 17.1.32328.378
MinimumVisualStudioVersion = 10.0.40219.1
Project("{FAE04EC0-301F-11D3-BF4B-00C04F79EFBC}") = "TelegramBotWPF2", "TelegramBotWPF2\TelegramBotWPF2.csproj", "{4977D703-5F1C-4FB2-981A-3ED6D5A38100}"
EndProject
Global
	GlobalSection(SolutionConfigurationPlatforms) = preSolution
		Debug|Any CPU = Debug|Any CPU
		Release|Any CPU = Release|Any CPU
	EndGlobalSection
	GlobalSection(ProjectConfigurationPlatforms) = postSolution
		{4977D703-5F1C-4FB2-981A-3ED6D5A38100}.Debug|Any CPU.ActiveCfg = Debug|Any CPU
		{4977D703-5F1C-4FB2-981A-3ED6D5A38100}.Debug|Any CPU.Build.0 = Debug|Any CPU
		{4977D703-5F1C-4FB2-981A-3ED6D5A38100}.Release|Any CPU.ActiveCfg = Release|Any CPU
		{4977D703-5F1C-4FB2-981A-3ED6D5A38100}.Release|Any CPU.Build.0 = Release|Any CPU
	EndGlobalSection
	GlobalSection(SolutionProperties) = preSolution
		HideSolutionNode = FALSE
	EndGlobalSection
	GlobalSection(ExtensibilityGlobals) = postSolution
		SolutionGuid = {7A2DDFD0-71B2-4BC7-914A-F1FE8443EACA}
	EndGlobalSection
EndGlobal
